// !$*UTF8*$!
{
	archiveVersion = 1;
	classes = {
	};
	objectVersion = 50;
	objects = {

/* Begin PBXBuildFile section */
		674F37F926F18B9F004500CB /* week_03_operators.cpp in Sources */ = {isa = PBXBuildFile; fileRef = 674F37F726F18B9F004500CB /* week_03_operators.cpp */; };
		676DD84026E86E1700B43A4D /* week_02_variable.cpp in Sources */ = {isa = PBXBuildFile; fileRef = 676DD83E26E86E1700B43A4D /* week_02_variable.cpp */; };
		67BDCBD82704570200D299A4 /* week_04_basic_io.cpp in Sources */ = {isa = PBXBuildFile; fileRef = 67BDCBD62704570200D299A4 /* week_04_basic_io.cpp */; };
		67E9A6D726E63C220086C341 /* main.cpp in Sources */ = {isa = PBXBuildFile; fileRef = 67E9A6D626E63C220086C341 /* main.cpp */; };
/* End PBXBuildFile section */

/* Begin PBXCopyFilesBuildPhase section */
		67E9A6D126E63C220086C341 /* CopyFiles */ = {
			isa = PBXCopyFilesBuildPhase;
			buildActionMask = 2147483647;
			dstPath = /usr/share/man/man1/;
			dstSubfolderSpec = 0;
			files = (
			);
			runOnlyForDeploymentPostprocessing = 1;
		};
/* End PBXCopyFilesBuildPhase section */

/* Begin PBXFileReference section */
		674F37F726F18B9F004500CB /* week_03_operators.cpp */ = {isa = PBXFileReference; lastKnownFileType = sourcecode.cpp.cpp; path = week_03_operators.cpp; sourceTree = "<group>"; };
		674F37F826F18B9F004500CB /* week_03_operators.hpp */ = {isa = PBXFileReference; lastKnownFileType = sourcecode.cpp.h; path = week_03_operators.hpp; sourceTree = "<group>"; };
		674F37FA26F18DB6004500CB /* common_lib.h */ = {isa = PBXFileReference; lastKnownFileType = sourcecode.c.h; path = common_lib.h; sourceTree = "<group>"; };
		676DD83E26E86E1700B43A4D /* week_02_variable.cpp */ = {isa = PBXFileReference; lastKnownFileType = sourcecode.cpp.cpp; path = week_02_variable.cpp; sourceTree = "<group>"; };
		676DD83F26E86E1700B43A4D /* week_02_variable.hpp */ = {isa = PBXFileReference; lastKnownFileType = sourcecode.cpp.h; path = week_02_variable.hpp; sourceTree = "<group>"; };
		67BDCBD62704570200D299A4 /* week_04_basic_io.cpp */ = {isa = PBXFileReference; lastKnownFileType = sourcecode.cpp.cpp; path = week_04_basic_io.cpp; sourceTree = "<group>"; };
		67BDCBD72704570200D299A4 /* week_04_basic_io.hpp */ = {isa = PBXFileReference; lastKnownFileType = sourcecode.cpp.h; path = week_04_basic_io.hpp; sourceTree = "<group>"; };
		67E9A6D326E63C220086C341 /* 2021_CMP4 */ = {isa = PBXFileReference; explicitFileType = "compiled.mach-o.executable"; includeInIndex = 0; path = 2021_CMP4; sourceTree = BUILT_PRODUCTS_DIR; };
		67E9A6D626E63C220086C341 /* main.cpp */ = {isa = PBXFileReference; lastKnownFileType = sourcecode.cpp.cpp; path = main.cpp; sourceTree = "<group>"; };
/* End PBXFileReference section */

/* Begin PBXFrameworksBuildPhase section */
		67E9A6D026E63C220086C341 /* Frameworks */ = {
			isa = PBXFrameworksBuildPhase;
			buildActionMask = 2147483647;
			files = (
			);
			runOnlyForDeploymentPostprocessing = 0;
		};
/* End PBXFrameworksBuildPhase section */

/* Begin PBXGroup section */
		67E9A6CA26E63C220086C341 = {
			isa = PBXGroup;
			children = (
				67E9A6D526E63C220086C341 /* 2021_CMP4 */,
				67E9A6D426E63C220086C341 /* Products */,
			);
			sourceTree = "<group>";
		};
		67E9A6D426E63C220086C341 /* Products */ = {
			isa = PBXGroup;
			children = (
				67E9A6D326E63C220086C341 /* 2021_CMP4 */,
			);
			name = Products;
			sourceTree = "<group>";
		};
		67E9A6D526E63C220086C341 /* 2021_CMP4 */ = {
			isa = PBXGroup;
			children = (
				67E9A6D626E63C220086C341 /* main.cpp */,
				674F37FA26F18DB6004500CB /* common_lib.h */,
				676DD83E26E86E1700B43A4D /* week_02_variable.cpp */,
				676DD83F26E86E1700B43A4D /* week_02_variable.hpp */,
				674F37F726F18B9F004500CB /* week_03_operators.cpp */,
				674F37F826F18B9F004500CB /* week_03_operators.hpp */,
				67BDCBD62704570200D299A4 /* week_04_basic_io.cpp */,
				67BDCBD72704570200D299A4 /* week_04_basic_io.hpp */,
			);
			path = 2021_CMP4;
			sourceTree = "<group>";
		};
/* End PBXGroup section */

/* Begin PBXNativeTarget section */
		67E9A6D226E63C220086C341 /* 2021_CMP4 */ = {
			isa = PBXNativeTarget;
			buildConfigurationList = 67E9A6DA26E63C220086C341 /* Build configuration list for PBXNativeTarget "2021_CMP4" */;
			buildPhases = (
				67E9A6CF26E63C220086C341 /* Sources */,
				67E9A6D026E63C220086C341 /* Frameworks */,
				67E9A6D126E63C220086C341 /* CopyFiles */,
			);
			buildRules = (
			);
			dependencies = (
			);
			name = 2021_CMP4;
			productName = 2021_CMP4;
			productReference = 67E9A6D326E63C220086C341 /* 2021_CMP4 */;
			productType = "com.apple.product-type.tool";
		};
/* End PBXNativeTarget section */

/* Begin PBXProject section */
		67E9A6CB26E63C220086C341 /* Project object */ = {
			isa = PBXProject;
			attributes = {
				LastUpgradeCheck = 1250;
				TargetAttributes = {
					67E9A6D226E63C220086C341 = {
						CreatedOnToolsVersion = 12.5.1;
					};
				};
			};
			buildConfigurationList = 67E9A6CE26E63C220086C341 /* Build configuration list for PBXProject "2021_CMP4" */;
			compatibilityVersion = "Xcode 9.3";
			developmentRegion = en;
			hasScannedForEncodings = 0;
			knownRegions = (
				en,
				Base,
			);
			mainGroup = 67E9A6CA26E63C220086C341;
			productRefGroup = 67E9A6D426E63C220086C341 /* Products */;
			projectDirPath = "";
			projectRoot = "";
			targets = (
				67E9A6D226E63C220086C341 /* 2021_CMP4 */,
			);
		};
/* End PBXProject section */

/* Begin PBXSourcesBuildPhase section */
		67E9A6CF26E63C220086C341 /* Sources */ = {
			isa = PBXSourcesBuildPhase;
			buildActionMask = 2147483647;
			files = (
				67BDCBD82704570200D299A4 /* week_04_basic_io.cpp in Sources */,
				674F37F926F18B9F004500CB /* week_03_operators.cpp in Sources */,
				67E9A6D726E63C220086C341 /* main.cpp in Sources */,
				676DD84026E86E1700B43A4D /* week_02_variable.cpp in Sources */,
			);
			runOnlyForDeploymentPostprocessing = 0;
		};
/* End PBXSourcesBuildPhase section */

/* Begin XCBuildConfiguration section */
		67E9A6D826E63C220086C341 /* Debug */ = {
			isa = XCBuildConfiguration;
			buildSettings = {
				ALWAYS_SEARCH_USER_PATHS = NO;
				CLANG_ANALYZER_NONNULL = YES;
				CLANG_ANALYZER_NUMBER_OBJECT_CONVERSION = YES_AGGRESSIVE;
				CLANG_CXX_LANGUAGE_STANDARD = "gnu++14";
				CLANG_CXX_LIBRARY = "libc++";
				CLANG_ENABLE_MODULES = YES;
				CLANG_ENABLE_OBJC_ARC = YES;
				CLANG_ENABLE_OBJC_WEAK = YES;
				CLANG_WARN_BLOCK_CAPTURE_AUTORELEASING = YES;
				CLANG_WARN_BOOL_CONVERSION = YES;
				CLANG_WARN_COMMA = YES;
				CLANG_WARN_CONSTANT_CONVERSION = YES;
				CLANG_WARN_DEPRECATED_OBJC_IMPLEMENTATIONS = YES;
				CLANG_WARN_DIRECT_OBJC_ISA_USAGE = YES_ERROR;
				CLANG_WARN_DOCUMENTATION_COMMENTS = YES;
				CLANG_WARN_EMPTY_BODY = YES;
				CLANG_WARN_ENUM_CONVERSION = YES;
				CLANG_WARN_INFINITE_RECURSION = YES;
				CLANG_WARN_INT_CONVERSION = YES;
				CLANG_WARN_NON_LITERAL_NULL_CONVERSION = YES;
				CLANG_WARN_OBJC_IMPLICIT_RETAIN_SELF = YES;
				CLANG_WARN_OBJC_LITERAL_CONVERSION = YES;
				CLANG_WARN_OBJC_ROOT_CLASS = YES_ERROR;
				CLANG_WARN_QUOTED_INCLUDE_IN_FRAMEWORK_HEADER = YES;
				CLANG_WARN_RANGE_LOOP_ANALYSIS = YES;
				CLANG_WARN_STRICT_PROTOTYPES = YES;
				CLANG_WARN_SUSPICIOUS_MOVE = YES;
				CLANG_WARN_UNGUARDED_AVAILABILITY = YES_AGGRESSIVE;
				CLANG_WARN_UNREACHABLE_CODE = YES;
				CLANG_WARN__DUPLICATE_METHOD_MATCH = YES;
				COPY_PHASE_STRIP = NO;
				DEBUG_INFORMATION_FORMAT = dwarf;
				ENABLE_STRICT_OBJC_MSGSEND = YES;
				ENABLE_TESTABILITY = YES;
				GCC_C_LANGUAGE_STANDARD = gnu11;
				GCC_DYNAMIC_NO_PIC = NO;
				GCC_NO_COMMON_BLOCKS = YES;
				GCC_OPTIMIZATION_LEVEL = 0;
				GCC_PREPROCESSOR_DEFINITIONS = (
					"DEBUG=1",
					"$(inherited)",
				);
				GCC_WARN_64_TO_32_BIT_CONVERSION = YES;
				GCC_WARN_ABOUT_RETURN_TYPE = YES_ERROR;
				GCC_WARN_UNDECLARED_SELECTOR = YES;
				GCC_WARN_UNINITIALIZED_AUTOS = YES_AGGRESSIVE;
				GCC_WARN_UNUSED_FUNCTION = YES;
				GCC_WARN_UNUSED_VARIABLE = YES;
				MACOSX_DEPLOYMENT_TARGET = 11.1;
				MTL_ENABLE_DEBUG_INFO = INCLUDE_SOURCE;
				MTL_FAST_MATH = YES;
				ONLY_ACTIVE_ARCH = YES;
				SDKROOT = macosx;
			};
			name = Debug;
		};
		67E9A6D926E63C220086C341 /* Release */ = {
			isa = XCBuildConfiguration;
			buildSettings = {
				ALWAYS_SEARCH_USER_PATHS = NO;
				CLANG_ANALYZER_NONNULL = YES;
				CLANG_ANALYZER_NUMBER_OBJECT_CONVERSION = YES_AGGRESSIVE;
				CLANG_CXX_LANGUAGE_STANDARD = "gnu++14";
				CLANG_CXX_LIBRARY = "libc++";
				CLANG_ENABLE_MODULES = YES;
				CLANG_ENABLE_OBJC_ARC = YES;
				CLANG_ENABLE_OBJC_WEAK = YES;
				CLANG_WARN_BLOCK_CAPTURE_AUTORELEASING = YES;
				CLANG_WARN_BOOL_CONVERSION = YES;
				CLANG_WARN_COMMA = YES;
				CLANG_WARN_CONSTANT_CONVERSION = YES;
				CLANG_WARN_DEPRECATED_OBJC_IMPLEMENTATIONS = YES;
				CLANG_WARN_DIRECT_OBJC_ISA_USAGE = YES_ERROR;
				CLANG_WARN_DOCUMENTATION_COMMENTS = YES;
				CLANG_WARN_EMPTY_BODY = YES;
				CLANG_WARN_ENUM_CONVERSION = YES;
				CLANG_WARN_INFINITE_RECURSION = YES;
				CLANG_WARN_INT_CONVERSION = YES;
				CLANG_WARN_NON_LITERAL_NULL_CONVERSION = YES;
				CLANG_WARN_OBJC_IMPLICIT_RETAIN_SELF = YES;
				CLANG_WARN_OBJC_LITERAL_CONVERSION = YES;
				CLANG_WARN_OBJC_ROOT_CLASS = YES_ERROR;
				CLANG_WARN_QUOTED_INCLUDE_IN_FRAMEWORK_HEADER = YES;
				CLANG_WARN_RANGE_LOOP_ANALYSIS = YES;
				CLANG_WARN_STRICT_PROTOTYPES = YES;
				CLANG_WARN_SUSPICIOUS_MOVE = YES;
				CLANG_WARN_UNGUARDED_AVAILABILITY = YES_AGGRESSIVE;
				CLANG_WARN_UNREACHABLE_CODE = YES;
				CLANG_WARN__DUPLICATE_METHOD_MATCH = YES;
				COPY_PHASE_STRIP = NO;
				DEBUG_INFORMATION_FORMAT = "dwarf-with-dsym";
				ENABLE_NS_ASSERTIONS = NO;
				ENABLE_STRICT_OBJC_MSGSEND = YES;
				GCC_C_LANGUAGE_STANDARD = gnu11;
				GCC_NO_COMMON_BLOCKS = YES;
				GCC_WARN_64_TO_32_BIT_CONVERSION = YES;
				GCC_WARN_ABOUT_RETURN_TYPE = YES_ERROR;
				GCC_WARN_UNDECLARED_SELECTOR = YES;
				GCC_WARN_UNINITIALIZED_AUTOS = YES_AGGRESSIVE;
				GCC_WARN_UNUSED_FUNCTION = YES;
				GCC_WARN_UNUSED_VARIABLE = YES;
				MACOSX_DEPLOYMENT_TARGET = 11.1;
				MTL_ENABLE_DEBUG_INFO = NO;
				MTL_FAST_MATH = YES;
				SDKROOT = macosx;
			};
			name = Release;
		};
		67E9A6DB26E63C220086C341 /* Debug */ = {
			isa = XCBuildConfiguration;
			buildSettings = {
				CODE_SIGN_STYLE = Automatic;
				DEVELOPMENT_TEAM = 8QB3QDUWDF;
				ENABLE_HARDENED_RUNTIME = YES;
				PRODUCT_NAME = "$(TARGET_NAME)";
			};
			name = Debug;
		};
		67E9A6DC26E63C220086C341 /* Release */ = {
			isa = XCBuildConfiguration;
			buildSettings = {
				CODE_SIGN_STYLE = Automatic;
				DEVELOPMENT_TEAM = 8QB3QDUWDF;
				ENABLE_HARDENED_RUNTIME = YES;
				PRODUCT_NAME = "$(TARGET_NAME)";
			};
			name = Release;
		};
/* End XCBuildConfiguration section */

/* Begin XCConfigurationList section */
		67E9A6CE26E63C220086C341 /* Build configuration list for PBXProject "2021_CMP4" */ = {
			isa = XCConfigurationList;
			buildConfigurations = (
				67E9A6D826E63C220086C341 /* Debug */,
				67E9A6D926E63C220086C341 /* Release */,
			);
			defaultConfigurationIsVisible = 0;
			defaultConfigurationName = Release;
		};
		67E9A6DA26E63C220086C341 /* Build configuration list for PBXNativeTarget "2021_CMP4" */ = {
			isa = XCConfigurationList;
			buildConfigurations = (
				67E9A6DB26E63C220086C341 /* Debug */,
				67E9A6DC26E63C220086C341 /* Release */,
			);
			defaultConfigurationIsVisible = 0;
			defaultConfigurationName = Release;
		};
/* End XCConfigurationList section */
	};
	rootObject = 67E9A6CB26E63C220086C341 /* Project object */;
}
